
Microsoft Visual Studio Solution File, Format Version 11.00
# Visual Studio 2010
Project("{FAE04EC0-301F-11D3-BF4B-00C04F79EFBC}") = "javascript.extend", "javascript.extend\javascript.extend.csproj", "{254FE7F0-D23D-4BF7-BBBB-818975CB0A97}"
EndProject
Project("{FAE04EC0-301F-11D3-BF4B-00C04F79EFBC}") = "jquery.extend", "jquery.extend\jquery.extend.csproj", "{4787D6AE-F98C-4550-AE0E-6E2BDE0C54AF}"
EndProject
Global
	GlobalSection(SolutionConfigurationPlatforms) = preSolution
		Debug|Any CPU = Debug|Any CPU
		Release|Any CPU = Release|Any CPU
	EndGlobalSection
	GlobalSection(ProjectConfigurationPlatforms) = postSolution
		{254FE7F0-D23D-4BF7-BBBB-818975CB0A97}.Debug|Any CPU.ActiveCfg = Debug|Any CPU
		{254FE7F0-D23D-4BF7-BBBB-818975CB0A97}.Debug|Any CPU.Build.0 = Debug|Any CPU
		{254FE7F0-D23D-4BF7-BBBB-818975CB0A97}.Release|Any CPU.ActiveCfg = Release|Any CPU
		{254FE7F0-D23D-4BF7-BBBB-818975CB0A97}.Release|Any CPU.Build.0 = Release|Any CPU
		{4787D6AE-F98C-4550-AE0E-6E2BDE0C54AF}.Debug|Any CPU.ActiveCfg = Debug|Any CPU
		{4787D6AE-F98C-4550-AE0E-6E2BDE0C54AF}.Debug|Any CPU.Build.0 = Debug|Any CPU
		{4787D6AE-F98C-4550-AE0E-6E2BDE0C54AF}.Release|Any CPU.ActiveCfg = Release|Any CPU
		{4787D6AE-F98C-4550-AE0E-6E2BDE0C54AF}.Release|Any CPU.Build.0 = Release|Any CPU
	EndGlobalSection
	GlobalSection(SolutionProperties) = preSolution
		HideSolutionNode = FALSE
	EndGlobalSection
EndGlobal
