
Microsoft Visual Studio Solution File, Format Version 11.00
# Visual Studio 2010
Project("{FAE04EC0-301F-11D3-BF4B-00C04F79EFBC}") = "metro-ui-demo", "metro-ui-demo\metro-ui-demo.csproj", "{50B6B16B-BB1E-4518-84D1-A5E7AF279C04}"
EndProject
Global
	GlobalSection(SolutionConfigurationPlatforms) = preSolution
		Debug|Any CPU = Debug|Any CPU
		Release|Any CPU = Release|Any CPU
	EndGlobalSection
	GlobalSection(ProjectConfigurationPlatforms) = postSolution
		{50B6B16B-BB1E-4518-84D1-A5E7AF279C04}.Debug|Any CPU.ActiveCfg = Debug|Any CPU
		{50B6B16B-BB1E-4518-84D1-A5E7AF279C04}.Debug|Any CPU.Build.0 = Debug|Any CPU
		{50B6B16B-BB1E-4518-84D1-A5E7AF279C04}.Release|Any CPU.ActiveCfg = Release|Any CPU
		{50B6B16B-BB1E-4518-84D1-A5E7AF279C04}.Release|Any CPU.Build.0 = Release|Any CPU
	EndGlobalSection
	GlobalSection(SolutionProperties) = preSolution
		HideSolutionNode = FALSE
	EndGlobalSection
EndGlobal
