
Microsoft Visual Studio Solution File, Format Version 11.00
# Visual Studio 2010
Project("{FAE04EC0-301F-11D3-BF4B-00C04F79EFBC}") = "Model", "Model\Model.csproj", "{C097148B-A67B-4ABF-99AF-8262EC9FF721}"
EndProject
Project("{FAE04EC0-301F-11D3-BF4B-00C04F79EFBC}") = "Web", "Web\Web.csproj", "{83994964-CC34-4B7C-AFD7-38D05B4203D8}"
EndProject
Project("{FAE04EC0-301F-11D3-BF4B-00C04F79EFBC}") = "Nhibernate.Data", "Nhibernate.Data\Nhibernate.Data.csproj", "{3072AB45-E059-4666-996B-78C6ADC8E482}"
EndProject
Project("{FAE04EC0-301F-11D3-BF4B-00C04F79EFBC}") = "Nhibernate.Domain", "Nhibernate.Domain\Nhibernate.Domain.csproj", "{213FB3BC-1A17-48E4-8D2C-6208540B060B}"
EndProject
Project("{FAE04EC0-301F-11D3-BF4B-00C04F79EFBC}") = "Nhibernate.Web", "Nhibernate.Web\Nhibernate.Web.csproj", "{07680455-0033-4C9D-AE61-0C458BF864FD}"
EndProject
Global
	GlobalSection(SolutionConfigurationPlatforms) = preSolution
		Debug|Any CPU = Debug|Any CPU
		Release|Any CPU = Release|Any CPU
	EndGlobalSection
	GlobalSection(ProjectConfigurationPlatforms) = postSolution
		{C097148B-A67B-4ABF-99AF-8262EC9FF721}.Debug|Any CPU.ActiveCfg = Debug|Any CPU
		{C097148B-A67B-4ABF-99AF-8262EC9FF721}.Debug|Any CPU.Build.0 = Debug|Any CPU
		{C097148B-A67B-4ABF-99AF-8262EC9FF721}.Release|Any CPU.ActiveCfg = Release|Any CPU
		{C097148B-A67B-4ABF-99AF-8262EC9FF721}.Release|Any CPU.Build.0 = Release|Any CPU
		{83994964-CC34-4B7C-AFD7-38D05B4203D8}.Debug|Any CPU.ActiveCfg = Debug|Any CPU
		{83994964-CC34-4B7C-AFD7-38D05B4203D8}.Debug|Any CPU.Build.0 = Debug|Any CPU
		{83994964-CC34-4B7C-AFD7-38D05B4203D8}.Release|Any CPU.ActiveCfg = Release|Any CPU
		{83994964-CC34-4B7C-AFD7-38D05B4203D8}.Release|Any CPU.Build.0 = Release|Any CPU
		{3072AB45-E059-4666-996B-78C6ADC8E482}.Debug|Any CPU.ActiveCfg = Debug|Any CPU
		{3072AB45-E059-4666-996B-78C6ADC8E482}.Debug|Any CPU.Build.0 = Debug|Any CPU
		{3072AB45-E059-4666-996B-78C6ADC8E482}.Release|Any CPU.ActiveCfg = Release|Any CPU
		{3072AB45-E059-4666-996B-78C6ADC8E482}.Release|Any CPU.Build.0 = Release|Any CPU
		{213FB3BC-1A17-48E4-8D2C-6208540B060B}.Debug|Any CPU.ActiveCfg = Debug|Any CPU
		{213FB3BC-1A17-48E4-8D2C-6208540B060B}.Debug|Any CPU.Build.0 = Debug|Any CPU
		{213FB3BC-1A17-48E4-8D2C-6208540B060B}.Release|Any CPU.ActiveCfg = Release|Any CPU
		{213FB3BC-1A17-48E4-8D2C-6208540B060B}.Release|Any CPU.Build.0 = Release|Any CPU
		{07680455-0033-4C9D-AE61-0C458BF864FD}.Debug|Any CPU.ActiveCfg = Debug|Any CPU
		{07680455-0033-4C9D-AE61-0C458BF864FD}.Debug|Any CPU.Build.0 = Debug|Any CPU
		{07680455-0033-4C9D-AE61-0C458BF864FD}.Release|Any CPU.ActiveCfg = Release|Any CPU
		{07680455-0033-4C9D-AE61-0C458BF864FD}.Release|Any CPU.Build.0 = Release|Any CPU
	EndGlobalSection
	GlobalSection(SolutionProperties) = preSolution
		HideSolutionNode = FALSE
	EndGlobalSection
EndGlobal
