
Microsoft Visual Studio Solution File, Format Version 11.00
# Visual Studio 2010
Project("{FAE04EC0-301F-11D3-BF4B-00C04F79EFBC}") = "ExWebServer.SocketBase", "ExWebServer.SocketBase\ExWebServer.SocketBase.csproj", "{DB56F8AF-0784-4E99-88B8-21C5E18DCD51}"
EndProject
Project("{FAE04EC0-301F-11D3-BF4B-00C04F79EFBC}") = "ExWebServer.WebServer", "ExWebServer.WebServer\ExWebServer.WebServer.csproj", "{4AABAAC0-9349-4280-888A-69443F0EFB78}"
EndProject
Project("{FAE04EC0-301F-11D3-BF4B-00C04F79EFBC}") = "ExWebServer.Logic", "ExWebServer.Logic\ExWebServer.Logic.csproj", "{33E7A7E4-BBEF-4D86-80A8-190DE5329458}"
EndProject
Global
	GlobalSection(SolutionConfigurationPlatforms) = preSolution
		Debug|Any CPU = Debug|Any CPU
		Debug|Mixed Platforms = Debug|Mixed Platforms
		Debug|x86 = Debug|x86
		Release|Any CPU = Release|Any CPU
		Release|Mixed Platforms = Release|Mixed Platforms
		Release|x86 = Release|x86
	EndGlobalSection
	GlobalSection(ProjectConfigurationPlatforms) = postSolution
		{DB56F8AF-0784-4E99-88B8-21C5E18DCD51}.Debug|Any CPU.ActiveCfg = Debug|Any CPU
		{DB56F8AF-0784-4E99-88B8-21C5E18DCD51}.Debug|Any CPU.Build.0 = Debug|Any CPU
		{DB56F8AF-0784-4E99-88B8-21C5E18DCD51}.Debug|Mixed Platforms.ActiveCfg = Debug|Any CPU
		{DB56F8AF-0784-4E99-88B8-21C5E18DCD51}.Debug|Mixed Platforms.Build.0 = Debug|Any CPU
		{DB56F8AF-0784-4E99-88B8-21C5E18DCD51}.Debug|x86.ActiveCfg = Debug|Any CPU
		{DB56F8AF-0784-4E99-88B8-21C5E18DCD51}.Release|Any CPU.ActiveCfg = Release|Any CPU
		{DB56F8AF-0784-4E99-88B8-21C5E18DCD51}.Release|Any CPU.Build.0 = Release|Any CPU
		{DB56F8AF-0784-4E99-88B8-21C5E18DCD51}.Release|Mixed Platforms.ActiveCfg = Release|Any CPU
		{DB56F8AF-0784-4E99-88B8-21C5E18DCD51}.Release|Mixed Platforms.Build.0 = Release|Any CPU
		{DB56F8AF-0784-4E99-88B8-21C5E18DCD51}.Release|x86.ActiveCfg = Release|Any CPU
		{4AABAAC0-9349-4280-888A-69443F0EFB78}.Debug|Any CPU.ActiveCfg = Debug|x86
		{4AABAAC0-9349-4280-888A-69443F0EFB78}.Debug|Mixed Platforms.ActiveCfg = Debug|x86
		{4AABAAC0-9349-4280-888A-69443F0EFB78}.Debug|Mixed Platforms.Build.0 = Debug|x86
		{4AABAAC0-9349-4280-888A-69443F0EFB78}.Debug|x86.ActiveCfg = Debug|x86
		{4AABAAC0-9349-4280-888A-69443F0EFB78}.Debug|x86.Build.0 = Debug|x86
		{4AABAAC0-9349-4280-888A-69443F0EFB78}.Release|Any CPU.ActiveCfg = Release|x86
		{4AABAAC0-9349-4280-888A-69443F0EFB78}.Release|Mixed Platforms.ActiveCfg = Release|x86
		{4AABAAC0-9349-4280-888A-69443F0EFB78}.Release|Mixed Platforms.Build.0 = Release|x86
		{4AABAAC0-9349-4280-888A-69443F0EFB78}.Release|x86.ActiveCfg = Release|x86
		{4AABAAC0-9349-4280-888A-69443F0EFB78}.Release|x86.Build.0 = Release|x86
		{33E7A7E4-BBEF-4D86-80A8-190DE5329458}.Debug|Any CPU.ActiveCfg = Debug|Any CPU
		{33E7A7E4-BBEF-4D86-80A8-190DE5329458}.Debug|Any CPU.Build.0 = Debug|Any CPU
		{33E7A7E4-BBEF-4D86-80A8-190DE5329458}.Debug|Mixed Platforms.ActiveCfg = Debug|Any CPU
		{33E7A7E4-BBEF-4D86-80A8-190DE5329458}.Debug|Mixed Platforms.Build.0 = Debug|Any CPU
		{33E7A7E4-BBEF-4D86-80A8-190DE5329458}.Debug|x86.ActiveCfg = Debug|Any CPU
		{33E7A7E4-BBEF-4D86-80A8-190DE5329458}.Release|Any CPU.ActiveCfg = Release|Any CPU
		{33E7A7E4-BBEF-4D86-80A8-190DE5329458}.Release|Any CPU.Build.0 = Release|Any CPU
		{33E7A7E4-BBEF-4D86-80A8-190DE5329458}.Release|Mixed Platforms.ActiveCfg = Release|Any CPU
		{33E7A7E4-BBEF-4D86-80A8-190DE5329458}.Release|Mixed Platforms.Build.0 = Release|Any CPU
		{33E7A7E4-BBEF-4D86-80A8-190DE5329458}.Release|x86.ActiveCfg = Release|Any CPU
	EndGlobalSection
	GlobalSection(SolutionProperties) = preSolution
		HideSolutionNode = FALSE
	EndGlobalSection
EndGlobal
